
Microsoft Visual Studio Solution File, Format Version 12.00
# Visual Studio Version 16
VisualStudioVersion = 16.0.30523.141
MinimumVisualStudioVersion = 10.0.40219.1
Project("{FAE04EC0-301F-11D3-BF4B-00C04F79EFBC}") = "CategoryApp.Android", "CategoryApp\CategoryApp.Android\CategoryApp.Android.csproj", "{00F99D9C-79AD-4760-A0D4-7220BAA19ADB}"
EndProject
Project("{FAE04EC0-301F-11D3-BF4B-00C04F79EFBC}") = "CategoryApp.iOS", "CategoryApp\CategoryApp.iOS\CategoryApp.iOS.csproj", "{56C72AD4-A28D-4A8D-877E-3B6DF3D2FF0F}"
EndProject
Project("{FAE04EC0-301F-11D3-BF4B-00C04F79EFBC}") = "CategoryApp", "CategoryApp\CategoryApp\CategoryApp.csproj", "{2F771AF5-9364-415D-80A0-EF0805F31A75}"
EndProject
Global
	GlobalSection(SolutionConfigurationPlatforms) = preSolution
		Debug|Any CPU = Debug|Any CPU
		Debug|iPhone = Debug|iPhone
		Debug|iPhoneSimulator = Debug|iPhoneSimulator
		Release|Any CPU = Release|Any CPU
		Release|iPhone = Release|iPhone
		Release|iPhoneSimulator = Release|iPhoneSimulator
	EndGlobalSection
	GlobalSection(ProjectConfigurationPlatforms) = postSolution
		{00F99D9C-79AD-4760-A0D4-7220BAA19ADB}.Debug|Any CPU.ActiveCfg = Debug|Any CPU
		{00F99D9C-79AD-4760-A0D4-7220BAA19ADB}.Debug|Any CPU.Build.0 = Debug|Any CPU
		{00F99D9C-79AD-4760-A0D4-7220BAA19ADB}.Debug|Any CPU.Deploy.0 = Debug|Any CPU
		{00F99D9C-79AD-4760-A0D4-7220BAA19ADB}.Debug|iPhone.ActiveCfg = Debug|Any CPU
		{00F99D9C-79AD-4760-A0D4-7220BAA19ADB}.Debug|iPhone.Build.0 = Debug|Any CPU
		{00F99D9C-79AD-4760-A0D4-7220BAA19ADB}.Debug|iPhone.Deploy.0 = Debug|Any CPU
		{00F99D9C-79AD-4760-A0D4-7220BAA19ADB}.Debug|iPhoneSimulator.ActiveCfg = Debug|Any CPU
		{00F99D9C-79AD-4760-A0D4-7220BAA19ADB}.Debug|iPhoneSimulator.Build.0 = Debug|Any CPU
		{00F99D9C-79AD-4760-A0D4-7220BAA19ADB}.Debug|iPhoneSimulator.Deploy.0 = Debug|Any CPU
		{00F99D9C-79AD-4760-A0D4-7220BAA19ADB}.Release|Any CPU.ActiveCfg = Release|Any CPU
		{00F99D9C-79AD-4760-A0D4-7220BAA19ADB}.Release|Any CPU.Build.0 = Release|Any CPU
		{00F99D9C-79AD-4760-A0D4-7220BAA19ADB}.Release|Any CPU.Deploy.0 = Release|Any CPU
		{00F99D9C-79AD-4760-A0D4-7220BAA19ADB}.Release|iPhone.ActiveCfg = Release|Any CPU
		{00F99D9C-79AD-4760-A0D4-7220BAA19ADB}.Release|iPhone.Build.0 = Release|Any CPU
		{00F99D9C-79AD-4760-A0D4-7220BAA19ADB}.Release|iPhone.Deploy.0 = Release|Any CPU
		{00F99D9C-79AD-4760-A0D4-7220BAA19ADB}.Release|iPhoneSimulator.ActiveCfg = Release|Any CPU
		{00F99D9C-79AD-4760-A0D4-7220BAA19ADB}.Release|iPhoneSimulator.Build.0 = Release|Any CPU
		{00F99D9C-79AD-4760-A0D4-7220BAA19ADB}.Release|iPhoneSimulator.Deploy.0 = Release|Any CPU
		{56C72AD4-A28D-4A8D-877E-3B6DF3D2FF0F}.Debug|Any CPU.ActiveCfg = Debug|iPhone
		{56C72AD4-A28D-4A8D-877E-3B6DF3D2FF0F}.Debug|Any CPU.Build.0 = Debug|iPhone
		{56C72AD4-A28D-4A8D-877E-3B6DF3D2FF0F}.Debug|Any CPU.Deploy.0 = Debug|iPhone
		{56C72AD4-A28D-4A8D-877E-3B6DF3D2FF0F}.Debug|iPhone.ActiveCfg = Debug|iPhone
		{56C72AD4-A28D-4A8D-877E-3B6DF3D2FF0F}.Debug|iPhone.Build.0 = Debug|iPhone
		{56C72AD4-A28D-4A8D-877E-3B6DF3D2FF0F}.Debug|iPhone.Deploy.0 = Debug|iPhone
		{56C72AD4-A28D-4A8D-877E-3B6DF3D2FF0F}.Debug|iPhoneSimulator.ActiveCfg = Debug|iPhoneSimulator
		{56C72AD4-A28D-4A8D-877E-3B6DF3D2FF0F}.Debug|iPhoneSimulator.Build.0 = Debug|iPhoneSimulator
		{56C72AD4-A28D-4A8D-877E-3B6DF3D2FF0F}.Debug|iPhoneSimulator.Deploy.0 = Debug|iPhoneSimulator
		{56C72AD4-A28D-4A8D-877E-3B6DF3D2FF0F}.Release|Any CPU.ActiveCfg = Release|iPhoneSimulator
		{56C72AD4-A28D-4A8D-877E-3B6DF3D2FF0F}.Release|Any CPU.Build.0 = Release|iPhoneSimulator
		{56C72AD4-A28D-4A8D-877E-3B6DF3D2FF0F}.Release|Any CPU.Deploy.0 = Release|iPhoneSimulator
		{56C72AD4-A28D-4A8D-877E-3B6DF3D2FF0F}.Release|iPhone.ActiveCfg = Release|iPhone
		{56C72AD4-A28D-4A8D-877E-3B6DF3D2FF0F}.Release|iPhone.Build.0 = Release|iPhone
		{56C72AD4-A28D-4A8D-877E-3B6DF3D2FF0F}.Release|iPhone.Deploy.0 = Release|iPhone
		{56C72AD4-A28D-4A8D-877E-3B6DF3D2FF0F}.Release|iPhoneSimulator.ActiveCfg = Release|iPhoneSimulator
		{56C72AD4-A28D-4A8D-877E-3B6DF3D2FF0F}.Release|iPhoneSimulator.Build.0 = Release|iPhoneSimulator
		{56C72AD4-A28D-4A8D-877E-3B6DF3D2FF0F}.Release|iPhoneSimulator.Deploy.0 = Release|iPhoneSimulator
		{2F771AF5-9364-415D-80A0-EF0805F31A75}.Debug|Any CPU.ActiveCfg = Debug|Any CPU
		{2F771AF5-9364-415D-80A0-EF0805F31A75}.Debug|Any CPU.Build.0 = Debug|Any CPU
		{2F771AF5-9364-415D-80A0-EF0805F31A75}.Debug|Any CPU.Deploy.0 = Debug|Any CPU
		{2F771AF5-9364-415D-80A0-EF0805F31A75}.Debug|iPhone.ActiveCfg = Debug|Any CPU
		{2F771AF5-9364-415D-80A0-EF0805F31A75}.Debug|iPhone.Build.0 = Debug|Any CPU
		{2F771AF5-9364-415D-80A0-EF0805F31A75}.Debug|iPhone.Deploy.0 = Debug|Any CPU
		{2F771AF5-9364-415D-80A0-EF0805F31A75}.Debug|iPhoneSimulator.ActiveCfg = Debug|Any CPU
		{2F771AF5-9364-415D-80A0-EF0805F31A75}.Debug|iPhoneSimulator.Build.0 = Debug|Any CPU
		{2F771AF5-9364-415D-80A0-EF0805F31A75}.Debug|iPhoneSimulator.Deploy.0 = Debug|Any CPU
		{2F771AF5-9364-415D-80A0-EF0805F31A75}.Release|Any CPU.ActiveCfg = Release|Any CPU
		{2F771AF5-9364-415D-80A0-EF0805F31A75}.Release|Any CPU.Build.0 = Release|Any CPU
		{2F771AF5-9364-415D-80A0-EF0805F31A75}.Release|Any CPU.Deploy.0 = Release|Any CPU
		{2F771AF5-9364-415D-80A0-EF0805F31A75}.Release|iPhone.ActiveCfg = Release|Any CPU
		{2F771AF5-9364-415D-80A0-EF0805F31A75}.Release|iPhone.Build.0 = Release|Any CPU
		{2F771AF5-9364-415D-80A0-EF0805F31A75}.Release|iPhone.Deploy.0 = Release|Any CPU
		{2F771AF5-9364-415D-80A0-EF0805F31A75}.Release|iPhoneSimulator.ActiveCfg = Release|Any CPU
		{2F771AF5-9364-415D-80A0-EF0805F31A75}.Release|iPhoneSimulator.Build.0 = Release|Any CPU
		{2F771AF5-9364-415D-80A0-EF0805F31A75}.Release|iPhoneSimulator.Deploy.0 = Release|Any CPU
	EndGlobalSection
	GlobalSection(SolutionProperties) = preSolution
		HideSolutionNode = FALSE
	EndGlobalSection
	GlobalSection(ExtensibilityGlobals) = postSolution
		SolutionGuid = {2F8CEACD-D3B2-42AA-B708-6C2EA93DFB2C}
	EndGlobalSection
EndGlobal
